
Microsoft Visual Studio Solution File, Format Version 12.00
# Visual Studio 15
VisualStudioVersion = 15.0.28010.2041
MinimumVisualStudioVersion = 10.0.40219.1
Project("{9A19103F-16F7-4668-BE54-9A1E7A4F7556}") = "NewNumeralSystem", "NewNumeralSystem\NewNumeralSystem.csproj", "{FDD580E0-3305-4CF4-9C69-B981450C01E3}"
EndProject
Project("{9A19103F-16F7-4668-BE54-9A1E7A4F7556}") = "NewNumeralSystem.Tests", "NewNumeralSystem.Tests\NewNumeralSystem.Tests.csproj", "{D5CEAC8D-A6CC-442F-BFED-5502DEE9BA16}"
EndProject
Project("{2150E333-8FDC-42A3-9474-1A3956D46DE8}") = "Solution Items", "Solution Items", "{857DB7D7-A802-4EC4-B161-F3D313202473}"
	ProjectSection(SolutionItems) = preProject
		README.md = README.md
	EndProjectSection
EndProject
Global
	GlobalSection(SolutionConfigurationPlatforms) = preSolution
		Debug|Any CPU = Debug|Any CPU
		Release|Any CPU = Release|Any CPU
	EndGlobalSection
	GlobalSection(ProjectConfigurationPlatforms) = postSolution
		{8D3C75AC-1E5A-4920-BD4E-2C1A1961A4D9}.Debug|Any CPU.ActiveCfg = Debug|Any CPU
		{8D3C75AC-1E5A-4920-BD4E-2C1A1961A4D9}.Debug|Any CPU.Build.0 = Debug|Any CPU
		{8D3C75AC-1E5A-4920-BD4E-2C1A1961A4D9}.Release|Any CPU.ActiveCfg = Release|Any CPU
		{8D3C75AC-1E5A-4920-BD4E-2C1A1961A4D9}.Release|Any CPU.Build.0 = Release|Any CPU
		{FE28DB18-7555-40B6-B8FA-79B391640D01}.Debug|Any CPU.ActiveCfg = Debug|Any CPU
		{FE28DB18-7555-40B6-B8FA-79B391640D01}.Debug|Any CPU.Build.0 = Debug|Any CPU
		{FE28DB18-7555-40B6-B8FA-79B391640D01}.Release|Any CPU.ActiveCfg = Release|Any CPU
		{FE28DB18-7555-40B6-B8FA-79B391640D01}.Release|Any CPU.Build.0 = Release|Any CPU
		{FDD580E0-3305-4CF4-9C69-B981450C01E3}.Debug|Any CPU.ActiveCfg = Debug|Any CPU
		{FDD580E0-3305-4CF4-9C69-B981450C01E3}.Debug|Any CPU.Build.0 = Debug|Any CPU
		{FDD580E0-3305-4CF4-9C69-B981450C01E3}.Release|Any CPU.ActiveCfg = Release|Any CPU
		{FDD580E0-3305-4CF4-9C69-B981450C01E3}.Release|Any CPU.Build.0 = Release|Any CPU
		{D5CEAC8D-A6CC-442F-BFED-5502DEE9BA16}.Debug|Any CPU.ActiveCfg = Debug|Any CPU
		{D5CEAC8D-A6CC-442F-BFED-5502DEE9BA16}.Debug|Any CPU.Build.0 = Debug|Any CPU
		{D5CEAC8D-A6CC-442F-BFED-5502DEE9BA16}.Release|Any CPU.ActiveCfg = Release|Any CPU
		{D5CEAC8D-A6CC-442F-BFED-5502DEE9BA16}.Release|Any CPU.Build.0 = Release|Any CPU
	EndGlobalSection
	GlobalSection(SolutionProperties) = preSolution
		HideSolutionNode = FALSE
	EndGlobalSection
	GlobalSection(ExtensibilityGlobals) = postSolution
		SolutionGuid = {0044EB01-EEB3-44EB-982E-235549ACA104}
	EndGlobalSection
EndGlobal
