
Microsoft Visual Studio Solution File, Format Version 12.00
# Visual Studio 15
VisualStudioVersion = 15.0.28010.2041
MinimumVisualStudioVersion = 10.0.40219.1
Project("{9A19103F-16F7-4668-BE54-9A1E7A4F7556}") = "IsLucky.Tests", "isLucky.Tests\IsLucky.Tests.csproj", "{8D3C75AC-1E5A-4920-BD4E-2C1A1961A4D9}"
EndProject
Project("{9A19103F-16F7-4668-BE54-9A1E7A4F7556}") = "IsLucky", "IsLucky\IsLucky.csproj", "{FE28DB18-7555-40B6-B8FA-79B391640D01}"
EndProject
Project("{9A19103F-16F7-4668-BE54-9A1E7A4F7556}") = "NewNumeralSystem", "NewNumeralSystem\NewNumeralSystem.csproj", "{FDD580E0-3305-4CF4-9C69-B981450C01E3}"
EndProject
Project("{9A19103F-16F7-4668-BE54-9A1E7A4F7556}") = "NewNumeralSystem.Tests", "NewNumeralSystem.Tests\NewNumeralSystem.Tests.csproj", "{D5CEAC8D-A6CC-442F-BFED-5502DEE9BA16}"
EndProject
Project("{2150E333-8FDC-42A3-9474-1A3956D46DE8}") = "Solution Items", "Solution Items", "{857DB7D7-A802-4EC4-B161-F3D313202473}"
	ProjectSection(SolutionItems) = preProject
		README.md = README.md
	EndProjectSection
EndProject
Project("{9A19103F-16F7-4668-BE54-9A1E7A4F7556}") = "Zigzag", "Zigzag\Zigzag.csproj", "{9C920E90-4399-4ECD-9DCA-A2C168BC6336}"
EndProject
Project("{9A19103F-16F7-4668-BE54-9A1E7A4F7556}") = "Zigzag.Tests", "Zigzag.Tests\Zigzag.Tests.csproj", "{41CB1FED-C7BC-4A2A-947E-0326C33D11F9}"
EndProject
Project("{FAE04EC0-301F-11D3-BF4B-00C04F79EFBC}") = "DigitRootSort", "DigitRootSort\DigitRootSort.csproj", "{58882EB6-8381-4C5F-BA6E-17910413AC18}"
EndProject
Project("{FAE04EC0-301F-11D3-BF4B-00C04F79EFBC}") = "DigitRootSort.Tests", "DigitRootSort.Tests\DigitRootSort.Tests.csproj", "{50EBCB25-3228-4963-98D0-A9A1EC6DCEBE}"
EndProject
Project("{FAE04EC0-301F-11D3-BF4B-00C04F79EFBC}") = "ConstructArray", "ConstructArray\ConstructArray.csproj", "{2625A345-0358-4010-A610-1B2DC3456485}"
EndProject
Project("{FAE04EC0-301F-11D3-BF4B-00C04F79EFBC}") = "ConstructArray.Tests", "ConstructArray.Tests\ConstructArray.Tests.csproj", "{818140D6-AE2E-4AA6-B1C4-F22B9D6D3F39}"
EndProject
Project("{FAE04EC0-301F-11D3-BF4B-00C04F79EFBC}") = "DecodeString", "DecodeString\DecodeString.csproj", "{56ABA0F5-EF16-4D85-BC9D-DC0D56DDAFC8}"
EndProject
Project("{FAE04EC0-301F-11D3-BF4B-00C04F79EFBC}") = "DecodeString.Tests", "DecodeString.Tests\DecodeString.Tests.csproj", "{320D37EB-2018-4E38-A5E4-0F00DD125597}"
EndProject
Project("{FAE04EC0-301F-11D3-BF4B-00C04F79EFBC}") = "ChangeRoot", "ChangeRoot\ChangeRoot.csproj", "{BCF5ED52-C847-4092-BF38-93E4FAD154D3}"
EndProject
Project("{FAE04EC0-301F-11D3-BF4B-00C04F79EFBC}") = "ChangeRoot.Tests", "ChangeRoot.Tests\ChangeRoot.Tests.csproj", "{DF9BFF3E-696C-49FE-89D4-8A607F81DCB0}"
EndProject
Project("{FAE04EC0-301F-11D3-BF4B-00C04F79EFBC}") = "PeriodicSequence", "PeriodicSequence\PeriodicSequence.csproj", "{19332CA1-8847-46A4-88E1-941F8DEC5C4A}"
EndProject
Project("{FAE04EC0-301F-11D3-BF4B-00C04F79EFBC}") = "PeriodicSequence.Tests", "PeriodicSequence.Tests\PeriodicSequence.Tests.csproj", "{B5262BD8-1714-4E10-99BC-1880DE326D43}"
EndProject
Project("{FAE04EC0-301F-11D3-BF4B-00C04F79EFBC}") = "TextJustification", "TextJustification\TextJustification.csproj", "{68064D16-A8B9-4DB6-BDDF-7CF7224DEC40}"
EndProject
Project("{FAE04EC0-301F-11D3-BF4B-00C04F79EFBC}") = "TextJustification.Tests", "TextJustification.Tests\TextJustification.Tests.csproj", "{9A37533C-E162-46E3-9C73-1B26AC213AD5}"
EndProject
Project("{FAE04EC0-301F-11D3-BF4B-00C04F79EFBC}") = "TreeBottom", "TreeBottom\TreeBottom.csproj", "{E72F59DE-923F-4E7D-BF55-6C7C48104E49}"
EndProject
Project("{FAE04EC0-301F-11D3-BF4B-00C04F79EFBC}") = "TreeBottom.Tests", "TreeBottom.Tests\TreeBottom.Tests.csproj", "{AA5978AB-4779-4078-9854-17D61511375E}"
EndProject
Global
	GlobalSection(SolutionConfigurationPlatforms) = preSolution
		Debug|Any CPU = Debug|Any CPU
		Release|Any CPU = Release|Any CPU
	EndGlobalSection
	GlobalSection(ProjectConfigurationPlatforms) = postSolution
		{8D3C75AC-1E5A-4920-BD4E-2C1A1961A4D9}.Debug|Any CPU.ActiveCfg = Debug|Any CPU
		{8D3C75AC-1E5A-4920-BD4E-2C1A1961A4D9}.Debug|Any CPU.Build.0 = Debug|Any CPU
		{8D3C75AC-1E5A-4920-BD4E-2C1A1961A4D9}.Release|Any CPU.ActiveCfg = Release|Any CPU
		{8D3C75AC-1E5A-4920-BD4E-2C1A1961A4D9}.Release|Any CPU.Build.0 = Release|Any CPU
		{FE28DB18-7555-40B6-B8FA-79B391640D01}.Debug|Any CPU.ActiveCfg = Debug|Any CPU
		{FE28DB18-7555-40B6-B8FA-79B391640D01}.Debug|Any CPU.Build.0 = Debug|Any CPU
		{FE28DB18-7555-40B6-B8FA-79B391640D01}.Release|Any CPU.ActiveCfg = Release|Any CPU
		{FE28DB18-7555-40B6-B8FA-79B391640D01}.Release|Any CPU.Build.0 = Release|Any CPU
		{FDD580E0-3305-4CF4-9C69-B981450C01E3}.Debug|Any CPU.ActiveCfg = Debug|Any CPU
		{FDD580E0-3305-4CF4-9C69-B981450C01E3}.Debug|Any CPU.Build.0 = Debug|Any CPU
		{FDD580E0-3305-4CF4-9C69-B981450C01E3}.Release|Any CPU.ActiveCfg = Release|Any CPU
		{FDD580E0-3305-4CF4-9C69-B981450C01E3}.Release|Any CPU.Build.0 = Release|Any CPU
		{D5CEAC8D-A6CC-442F-BFED-5502DEE9BA16}.Debug|Any CPU.ActiveCfg = Debug|Any CPU
		{D5CEAC8D-A6CC-442F-BFED-5502DEE9BA16}.Debug|Any CPU.Build.0 = Debug|Any CPU
		{D5CEAC8D-A6CC-442F-BFED-5502DEE9BA16}.Release|Any CPU.ActiveCfg = Release|Any CPU
		{D5CEAC8D-A6CC-442F-BFED-5502DEE9BA16}.Release|Any CPU.Build.0 = Release|Any CPU
		{9C920E90-4399-4ECD-9DCA-A2C168BC6336}.Debug|Any CPU.ActiveCfg = Debug|Any CPU
		{9C920E90-4399-4ECD-9DCA-A2C168BC6336}.Debug|Any CPU.Build.0 = Debug|Any CPU
		{9C920E90-4399-4ECD-9DCA-A2C168BC6336}.Release|Any CPU.ActiveCfg = Release|Any CPU
		{9C920E90-4399-4ECD-9DCA-A2C168BC6336}.Release|Any CPU.Build.0 = Release|Any CPU
		{41CB1FED-C7BC-4A2A-947E-0326C33D11F9}.Debug|Any CPU.ActiveCfg = Debug|Any CPU
		{41CB1FED-C7BC-4A2A-947E-0326C33D11F9}.Debug|Any CPU.Build.0 = Debug|Any CPU
		{41CB1FED-C7BC-4A2A-947E-0326C33D11F9}.Release|Any CPU.ActiveCfg = Release|Any CPU
		{41CB1FED-C7BC-4A2A-947E-0326C33D11F9}.Release|Any CPU.Build.0 = Release|Any CPU
		{58882EB6-8381-4C5F-BA6E-17910413AC18}.Debug|Any CPU.ActiveCfg = Debug|Any CPU
		{58882EB6-8381-4C5F-BA6E-17910413AC18}.Debug|Any CPU.Build.0 = Debug|Any CPU
		{58882EB6-8381-4C5F-BA6E-17910413AC18}.Release|Any CPU.ActiveCfg = Release|Any CPU
		{58882EB6-8381-4C5F-BA6E-17910413AC18}.Release|Any CPU.Build.0 = Release|Any CPU
		{50EBCB25-3228-4963-98D0-A9A1EC6DCEBE}.Debug|Any CPU.ActiveCfg = Debug|Any CPU
		{50EBCB25-3228-4963-98D0-A9A1EC6DCEBE}.Debug|Any CPU.Build.0 = Debug|Any CPU
		{50EBCB25-3228-4963-98D0-A9A1EC6DCEBE}.Release|Any CPU.ActiveCfg = Release|Any CPU
		{50EBCB25-3228-4963-98D0-A9A1EC6DCEBE}.Release|Any CPU.Build.0 = Release|Any CPU
		{2625A345-0358-4010-A610-1B2DC3456485}.Debug|Any CPU.ActiveCfg = Debug|Any CPU
		{2625A345-0358-4010-A610-1B2DC3456485}.Debug|Any CPU.Build.0 = Debug|Any CPU
		{2625A345-0358-4010-A610-1B2DC3456485}.Release|Any CPU.ActiveCfg = Release|Any CPU
		{2625A345-0358-4010-A610-1B2DC3456485}.Release|Any CPU.Build.0 = Release|Any CPU
		{818140D6-AE2E-4AA6-B1C4-F22B9D6D3F39}.Debug|Any CPU.ActiveCfg = Debug|Any CPU
		{818140D6-AE2E-4AA6-B1C4-F22B9D6D3F39}.Debug|Any CPU.Build.0 = Debug|Any CPU
		{818140D6-AE2E-4AA6-B1C4-F22B9D6D3F39}.Release|Any CPU.ActiveCfg = Release|Any CPU
		{818140D6-AE2E-4AA6-B1C4-F22B9D6D3F39}.Release|Any CPU.Build.0 = Release|Any CPU
		{4667176C-5DEA-46BC-A724-9FB31FA49504}.Debug|Any CPU.ActiveCfg = Debug|Any CPU
		{4667176C-5DEA-46BC-A724-9FB31FA49504}.Debug|Any CPU.Build.0 = Debug|Any CPU
		{4667176C-5DEA-46BC-A724-9FB31FA49504}.Release|Any CPU.ActiveCfg = Release|Any CPU
		{4667176C-5DEA-46BC-A724-9FB31FA49504}.Release|Any CPU.Build.0 = Release|Any CPU
		{456F1E04-C840-4D3C-812A-3B81D8BEF540}.Debug|Any CPU.ActiveCfg = Debug|Any CPU
		{456F1E04-C840-4D3C-812A-3B81D8BEF540}.Debug|Any CPU.Build.0 = Debug|Any CPU
		{456F1E04-C840-4D3C-812A-3B81D8BEF540}.Release|Any CPU.ActiveCfg = Release|Any CPU
		{456F1E04-C840-4D3C-812A-3B81D8BEF540}.Release|Any CPU.Build.0 = Release|Any CPU
		{56ABA0F5-EF16-4D85-BC9D-DC0D56DDAFC8}.Debug|Any CPU.ActiveCfg = Debug|Any CPU
		{56ABA0F5-EF16-4D85-BC9D-DC0D56DDAFC8}.Debug|Any CPU.Build.0 = Debug|Any CPU
		{56ABA0F5-EF16-4D85-BC9D-DC0D56DDAFC8}.Release|Any CPU.ActiveCfg = Release|Any CPU
		{56ABA0F5-EF16-4D85-BC9D-DC0D56DDAFC8}.Release|Any CPU.Build.0 = Release|Any CPU
		{320D37EB-2018-4E38-A5E4-0F00DD125597}.Debug|Any CPU.ActiveCfg = Debug|Any CPU
		{320D37EB-2018-4E38-A5E4-0F00DD125597}.Debug|Any CPU.Build.0 = Debug|Any CPU
		{320D37EB-2018-4E38-A5E4-0F00DD125597}.Release|Any CPU.ActiveCfg = Release|Any CPU
		{320D37EB-2018-4E38-A5E4-0F00DD125597}.Release|Any CPU.Build.0 = Release|Any CPU
		{BCF5ED52-C847-4092-BF38-93E4FAD154D3}.Debug|Any CPU.ActiveCfg = Debug|Any CPU
		{BCF5ED52-C847-4092-BF38-93E4FAD154D3}.Debug|Any CPU.Build.0 = Debug|Any CPU
		{BCF5ED52-C847-4092-BF38-93E4FAD154D3}.Release|Any CPU.ActiveCfg = Release|Any CPU
		{BCF5ED52-C847-4092-BF38-93E4FAD154D3}.Release|Any CPU.Build.0 = Release|Any CPU
		{DF9BFF3E-696C-49FE-89D4-8A607F81DCB0}.Debug|Any CPU.ActiveCfg = Debug|Any CPU
		{DF9BFF3E-696C-49FE-89D4-8A607F81DCB0}.Debug|Any CPU.Build.0 = Debug|Any CPU
		{DF9BFF3E-696C-49FE-89D4-8A607F81DCB0}.Release|Any CPU.ActiveCfg = Release|Any CPU
		{DF9BFF3E-696C-49FE-89D4-8A607F81DCB0}.Release|Any CPU.Build.0 = Release|Any CPU
		{19332CA1-8847-46A4-88E1-941F8DEC5C4A}.Debug|Any CPU.ActiveCfg = Debug|Any CPU
		{19332CA1-8847-46A4-88E1-941F8DEC5C4A}.Debug|Any CPU.Build.0 = Debug|Any CPU
		{19332CA1-8847-46A4-88E1-941F8DEC5C4A}.Release|Any CPU.ActiveCfg = Release|Any CPU
		{19332CA1-8847-46A4-88E1-941F8DEC5C4A}.Release|Any CPU.Build.0 = Release|Any CPU
		{B5262BD8-1714-4E10-99BC-1880DE326D43}.Debug|Any CPU.ActiveCfg = Debug|Any CPU
		{B5262BD8-1714-4E10-99BC-1880DE326D43}.Debug|Any CPU.Build.0 = Debug|Any CPU
		{B5262BD8-1714-4E10-99BC-1880DE326D43}.Release|Any CPU.ActiveCfg = Release|Any CPU
		{B5262BD8-1714-4E10-99BC-1880DE326D43}.Release|Any CPU.Build.0 = Release|Any CPU
		{68064D16-A8B9-4DB6-BDDF-7CF7224DEC40}.Debug|Any CPU.ActiveCfg = Debug|Any CPU
		{68064D16-A8B9-4DB6-BDDF-7CF7224DEC40}.Debug|Any CPU.Build.0 = Debug|Any CPU
		{68064D16-A8B9-4DB6-BDDF-7CF7224DEC40}.Release|Any CPU.ActiveCfg = Release|Any CPU
		{68064D16-A8B9-4DB6-BDDF-7CF7224DEC40}.Release|Any CPU.Build.0 = Release|Any CPU
		{9A37533C-E162-46E3-9C73-1B26AC213AD5}.Debug|Any CPU.ActiveCfg = Debug|Any CPU
		{9A37533C-E162-46E3-9C73-1B26AC213AD5}.Debug|Any CPU.Build.0 = Debug|Any CPU
		{9A37533C-E162-46E3-9C73-1B26AC213AD5}.Release|Any CPU.ActiveCfg = Release|Any CPU
		{9A37533C-E162-46E3-9C73-1B26AC213AD5}.Release|Any CPU.Build.0 = Release|Any CPU
		{948D249B-9A9E-4321-B039-287B279D1033}.Debug|Any CPU.ActiveCfg = Debug|Any CPU
		{948D249B-9A9E-4321-B039-287B279D1033}.Debug|Any CPU.Build.0 = Debug|Any CPU
		{948D249B-9A9E-4321-B039-287B279D1033}.Release|Any CPU.ActiveCfg = Release|Any CPU
		{948D249B-9A9E-4321-B039-287B279D1033}.Release|Any CPU.Build.0 = Release|Any CPU
		{17B99B02-3C2F-4A64-B104-3BA672EA7F52}.Debug|Any CPU.ActiveCfg = Debug|Any CPU
		{17B99B02-3C2F-4A64-B104-3BA672EA7F52}.Debug|Any CPU.Build.0 = Debug|Any CPU
		{17B99B02-3C2F-4A64-B104-3BA672EA7F52}.Release|Any CPU.ActiveCfg = Release|Any CPU
		{17B99B02-3C2F-4A64-B104-3BA672EA7F52}.Release|Any CPU.Build.0 = Release|Any CPU
		{E72F59DE-923F-4E7D-BF55-6C7C48104E49}.Debug|Any CPU.ActiveCfg = Debug|Any CPU
		{E72F59DE-923F-4E7D-BF55-6C7C48104E49}.Debug|Any CPU.Build.0 = Debug|Any CPU
		{E72F59DE-923F-4E7D-BF55-6C7C48104E49}.Release|Any CPU.ActiveCfg = Release|Any CPU
		{E72F59DE-923F-4E7D-BF55-6C7C48104E49}.Release|Any CPU.Build.0 = Release|Any CPU
		{AA5978AB-4779-4078-9854-17D61511375E}.Debug|Any CPU.ActiveCfg = Debug|Any CPU
		{AA5978AB-4779-4078-9854-17D61511375E}.Debug|Any CPU.Build.0 = Debug|Any CPU
		{AA5978AB-4779-4078-9854-17D61511375E}.Release|Any CPU.ActiveCfg = Release|Any CPU
		{AA5978AB-4779-4078-9854-17D61511375E}.Release|Any CPU.Build.0 = Release|Any CPU
	EndGlobalSection
	GlobalSection(SolutionProperties) = preSolution
		HideSolutionNode = FALSE
	EndGlobalSection
	GlobalSection(ExtensibilityGlobals) = postSolution
		SolutionGuid = {0044EB01-EEB3-44EB-982E-235549ACA104}
	EndGlobalSection
EndGlobal
